
Microsoft Visual Studio Solution File, Format Version 12.00
# Visual Studio Version 17
VisualStudioVersion = 17.4.33205.214
MinimumVisualStudioVersion = 10.0.40219.1
Project("{FAE04EC0-301F-11D3-BF4B-00C04F79EFBC}") = "Set B", "Set B\Set B.csproj", "{37DE4BAE-AE63-462D-A0D3-431A99C54B6E}"
EndProject
Global
	GlobalSection(SolutionConfigurationPlatforms) = preSolution
		Debug|Any CPU = Debug|Any CPU
		Release|Any CPU = Release|Any CPU
	EndGlobalSection
	GlobalSection(ProjectConfigurationPlatforms) = postSolution
		{37DE4BAE-AE63-462D-A0D3-431A99C54B6E}.Debug|Any CPU.ActiveCfg = Debug|Any CPU
		{37DE4BAE-AE63-462D-A0D3-431A99C54B6E}.Debug|Any CPU.Build.0 = Debug|Any CPU
		{37DE4BAE-AE63-462D-A0D3-431A99C54B6E}.Release|Any CPU.ActiveCfg = Release|Any CPU
		{37DE4BAE-AE63-462D-A0D3-431A99C54B6E}.Release|Any CPU.Build.0 = Release|Any CPU
	EndGlobalSection
	GlobalSection(SolutionProperties) = preSolution
		HideSolutionNode = FALSE
	EndGlobalSection
	GlobalSection(ExtensibilityGlobals) = postSolution
		SolutionGuid = {33D9983C-E48D-4D60-9599-BED15503BA4E}
	EndGlobalSection
EndGlobal
